
Microsoft Visual Studio Solution File, Format Version 12.00
# Visual Studio Version 16
VisualStudioVersion = 16.0.31727.386
MinimumVisualStudioVersion = 10.0.40219.1
Project("{F184B08F-C81C-45F6-A57F-5ABD9991F28F}") = "CalculatorVB", "CalculatorVB.vbproj", "{11C42C6A-3A3A-4B6B-BF55-BBA34D316540}"
EndProject
Global
	GlobalSection(SolutionConfigurationPlatforms) = preSolution
		Debug|Any CPU = Debug|Any CPU
		Release|Any CPU = Release|Any CPU
	EndGlobalSection
	GlobalSection(ProjectConfigurationPlatforms) = postSolution
		{11C42C6A-3A3A-4B6B-BF55-BBA34D316540}.Debug|Any CPU.ActiveCfg = Debug|Any CPU
		{11C42C6A-3A3A-4B6B-BF55-BBA34D316540}.Debug|Any CPU.Build.0 = Debug|Any CPU
		{11C42C6A-3A3A-4B6B-BF55-BBA34D316540}.Release|Any CPU.ActiveCfg = Release|Any CPU
		{11C42C6A-3A3A-4B6B-BF55-BBA34D316540}.Release|Any CPU.Build.0 = Release|Any CPU
	EndGlobalSection
	GlobalSection(SolutionProperties) = preSolution
		HideSolutionNode = FALSE
	EndGlobalSection
	GlobalSection(ExtensibilityGlobals) = postSolution
		SolutionGuid = {7AC48443-0BBF-4588-B221-D94BA6766CA2}
	EndGlobalSection
EndGlobal
